
Microsoft Visual Studio Solution File, Format Version 12.00
# Visual Studio 15
VisualStudioVersion = 15.0.27130.2027
MinimumVisualStudioVersion = 10.0.40219.1
Project("{9A19103F-16F7-4668-BE54-9A1E7A4F7556}") = "Assignment2_part3", "Assignment2_part3\Assignment2_part3.csproj", "{71AA3704-49B5-4A01-8817-4DB5386690EB}"
EndProject
Project("{2150E333-8FDC-42A3-9474-1A3956D46DE8}") = "Solution Items", "Solution Items", "{F0590E33-5339-473E-82B4-6EBB7BACF705}"
	ProjectSection(SolutionItems) = preProject
		README.md = README.md
	EndProjectSection
EndProject
Global
	GlobalSection(SolutionConfigurationPlatforms) = preSolution
		Debug|Any CPU = Debug|Any CPU
		Release|Any CPU = Release|Any CPU
	EndGlobalSection
	GlobalSection(ProjectConfigurationPlatforms) = postSolution
		{71AA3704-49B5-4A01-8817-4DB5386690EB}.Debug|Any CPU.ActiveCfg = Debug|Any CPU
		{71AA3704-49B5-4A01-8817-4DB5386690EB}.Debug|Any CPU.Build.0 = Debug|Any CPU
		{71AA3704-49B5-4A01-8817-4DB5386690EB}.Release|Any CPU.ActiveCfg = Release|Any CPU
		{71AA3704-49B5-4A01-8817-4DB5386690EB}.Release|Any CPU.Build.0 = Release|Any CPU
	EndGlobalSection
	GlobalSection(SolutionProperties) = preSolution
		HideSolutionNode = FALSE
	EndGlobalSection
	GlobalSection(ExtensibilityGlobals) = postSolution
		SolutionGuid = {545CC8A2-FCB6-491B-8E88-82B517F60F66}
	EndGlobalSection
EndGlobal
